
Microsoft Visual Studio Solution File, Format Version 12.00
# Visual Studio Version 18
VisualStudioVersion = 18.3.11512.155 d18.3
MinimumVisualStudioVersion = 10.0.40219.1
Project("{FAE04EC0-301F-11D3-BF4B-00C04F79EFBC}") = "CalculadoraLib", "CalculadoraLib\CalculadoraLib.csproj", "{E0870DFB-FCED-4173-9847-F726B45CEC31}"
EndProject
Project("{FAE04EC0-301F-11D3-BF4B-00C04F79EFBC}") = "CalculadoraTests", "CalculadoraTests\CalculadoraTests.csproj", "{2969AAA5-A9AC-4D95-BF5C-82E44FE8B3BD}"
EndProject
Project("{2150E333-8FDC-42A3-9474-1A3956D46DE8}") = "Elementos de la solución", "Elementos de la solución", "{CEADB2EF-13D3-4465-850C-62457FED7D00}"
	ProjectSection(SolutionItems) = preProject
		README.md = README.md
	EndProjectSection
EndProject
Global
	GlobalSection(SolutionConfigurationPlatforms) = preSolution
		Debug|Any CPU = Debug|Any CPU
		Release|Any CPU = Release|Any CPU
	EndGlobalSection
	GlobalSection(ProjectConfigurationPlatforms) = postSolution
		{E0870DFB-FCED-4173-9847-F726B45CEC31}.Debug|Any CPU.ActiveCfg = Debug|Any CPU
		{E0870DFB-FCED-4173-9847-F726B45CEC31}.Debug|Any CPU.Build.0 = Debug|Any CPU
		{E0870DFB-FCED-4173-9847-F726B45CEC31}.Release|Any CPU.ActiveCfg = Release|Any CPU
		{E0870DFB-FCED-4173-9847-F726B45CEC31}.Release|Any CPU.Build.0 = Release|Any CPU
		{2969AAA5-A9AC-4D95-BF5C-82E44FE8B3BD}.Debug|Any CPU.ActiveCfg = Debug|Any CPU
		{2969AAA5-A9AC-4D95-BF5C-82E44FE8B3BD}.Debug|Any CPU.Build.0 = Debug|Any CPU
		{2969AAA5-A9AC-4D95-BF5C-82E44FE8B3BD}.Release|Any CPU.ActiveCfg = Release|Any CPU
		{2969AAA5-A9AC-4D95-BF5C-82E44FE8B3BD}.Release|Any CPU.Build.0 = Release|Any CPU
	EndGlobalSection
	GlobalSection(SolutionProperties) = preSolution
		HideSolutionNode = FALSE
	EndGlobalSection
	GlobalSection(ExtensibilityGlobals) = postSolution
		SolutionGuid = {86E1782B-A979-4ABE-BA18-3FE0DF720383}
	EndGlobalSection
EndGlobal
